
Microsoft Visual Studio Solution File, Format Version 12.00
# Visual Studio Version 17
VisualStudioVersion = 17.3.32901.215
MinimumVisualStudioVersion = 10.0.40219.1
Project("{FAE04EC0-301F-11D3-BF4B-00C04F79EFBC}") = "ConsoleApp25", "ConsoleApp25\ConsoleApp25.csproj", "{8DB8975E-5F2E-4B06-8612-9EF1F42E077E}"
EndProject
Global
	GlobalSection(SolutionConfigurationPlatforms) = preSolution
		Debug|Any CPU = Debug|Any CPU
		Release|Any CPU = Release|Any CPU
	EndGlobalSection
	GlobalSection(ProjectConfigurationPlatforms) = postSolution
		{8DB8975E-5F2E-4B06-8612-9EF1F42E077E}.Debug|Any CPU.ActiveCfg = Debug|Any CPU
		{8DB8975E-5F2E-4B06-8612-9EF1F42E077E}.Debug|Any CPU.Build.0 = Debug|Any CPU
		{8DB8975E-5F2E-4B06-8612-9EF1F42E077E}.Release|Any CPU.ActiveCfg = Release|Any CPU
		{8DB8975E-5F2E-4B06-8612-9EF1F42E077E}.Release|Any CPU.Build.0 = Release|Any CPU
	EndGlobalSection
	GlobalSection(SolutionProperties) = preSolution
		HideSolutionNode = FALSE
	EndGlobalSection
	GlobalSection(ExtensibilityGlobals) = postSolution
		SolutionGuid = {438EFB7B-C880-4EF4-B850-2BC8C7F6B699}
	EndGlobalSection
EndGlobal
